// !$*UTF8*$!
{
	archiveVersion = 1;
	classes = {
	};
	objectVersion = 56;
	objects = {

/* Begin PBXBuildFile section */
		D30EA5862A72C12D009F9FD2 /* MenuView.swift in Sources */ = {isa = PBXBuildFile; fileRef = D30EA5852A72C12D009F9FD2 /* MenuView.swift */; };
		D30EA5882A72C603009F9FD2 /* CustomProgressBar.swift in Sources */ = {isa = PBXBuildFile; fileRef = D30EA5872A72C603009F9FD2 /* CustomProgressBar.swift */; };
		D33C6D282A4A1E3E00A5A5ED /* MemoroomApp.swift in Sources */ = {isa = PBXBuildFile; fileRef = D33C6D272A4A1E3E00A5A5ED /* MemoroomApp.swift */; };
		D33C6D2A2A4A1E3E00A5A5ED /* RoomContentView.swift in Sources */ = {isa = PBXBuildFile; fileRef = D33C6D292A4A1E3E00A5A5ED /* RoomContentView.swift */; };
		D33C6D2C2A4A1E3F00A5A5ED /* Assets.xcassets in Resources */ = {isa = PBXBuildFile; fileRef = D33C6D2B2A4A1E3F00A5A5ED /* Assets.xcassets */; };
		D33C6D2F2A4A1E3F00A5A5ED /* Preview Assets.xcassets in Resources */ = {isa = PBXBuildFile; fileRef = D33C6D2E2A4A1E3F00A5A5ED /* Preview Assets.xcassets */; };
		D33C6D382A4A1E7A00A5A5ED /* RoomGameScene.swift in Sources */ = {isa = PBXBuildFile; fileRef = D33C6D372A4A1E7A00A5A5ED /* RoomGameScene.swift */; };
		D3A4C9EF2A4E46A5005E1C0A /* RoomRandomGeneration.swift in Sources */ = {isa = PBXBuildFile; fileRef = D3A4C9EE2A4E46A5005E1C0A /* RoomRandomGeneration.swift */; };
		D3D0625C2A7458F000B65C6C /* BeachContentView.swift in Sources */ = {isa = PBXBuildFile; fileRef = D3D0625B2A7458F000B65C6C /* BeachContentView.swift */; };
		D3D0625E2A74590700B65C6C /* BeachGameScene.swift in Sources */ = {isa = PBXBuildFile; fileRef = D3D0625D2A74590700B65C6C /* BeachGameScene.swift */; };
/* End PBXBuildFile section */

/* Begin PBXFileReference section */
		D30EA5852A72C12D009F9FD2 /* MenuView.swift */ = {isa = PBXFileReference; lastKnownFileType = sourcecode.swift; path = MenuView.swift; sourceTree = "<group>"; };
		D30EA5872A72C603009F9FD2 /* CustomProgressBar.swift */ = {isa = PBXFileReference; lastKnownFileType = sourcecode.swift; path = CustomProgressBar.swift; sourceTree = "<group>"; };
		D33C6D242A4A1E3E00A5A5ED /* Memoroom.app */ = {isa = PBXFileReference; explicitFileType = wrapper.application; includeInIndex = 0; path = Memoroom.app; sourceTree = BUILT_PRODUCTS_DIR; };
		D33C6D272A4A1E3E00A5A5ED /* MemoroomApp.swift */ = {isa = PBXFileReference; lastKnownFileType = sourcecode.swift; path = MemoroomApp.swift; sourceTree = "<group>"; };
		D33C6D292A4A1E3E00A5A5ED /* RoomContentView.swift */ = {isa = PBXFileReference; lastKnownFileType = sourcecode.swift; path = RoomContentView.swift; sourceTree = "<group>"; };
		D33C6D2B2A4A1E3F00A5A5ED /* Assets.xcassets */ = {isa = PBXFileReference; lastKnownFileType = folder.assetcatalog; path = Assets.xcassets; sourceTree = "<group>"; };
		D33C6D2E2A4A1E3F00A5A5ED /* Preview Assets.xcassets */ = {isa = PBXFileReference; lastKnownFileType = folder.assetcatalog; path = "Preview Assets.xcassets"; sourceTree = "<group>"; };
		D33C6D372A4A1E7A00A5A5ED /* RoomGameScene.swift */ = {isa = PBXFileReference; lastKnownFileType = sourcecode.swift; path = RoomGameScene.swift; sourceTree = "<group>"; };
		D3A4C9EE2A4E46A5005E1C0A /* RoomRandomGeneration.swift */ = {isa = PBXFileReference; lastKnownFileType = sourcecode.swift; path = RoomRandomGeneration.swift; sourceTree = "<group>"; };
		D3D0625B2A7458F000B65C6C /* BeachContentView.swift */ = {isa = PBXFileReference; lastKnownFileType = sourcecode.swift; path = BeachContentView.swift; sourceTree = "<group>"; };
		D3D0625D2A74590700B65C6C /* BeachGameScene.swift */ = {isa = PBXFileReference; lastKnownFileType = sourcecode.swift; path = BeachGameScene.swift; sourceTree = "<group>"; };
/* End PBXFileReference section */

/* Begin PBXFrameworksBuildPhase section */
		D33C6D212A4A1E3E00A5A5ED /* Frameworks */ = {
			isa = PBXFrameworksBuildPhase;
			buildActionMask = 2147483647;
			files = (
			);
			runOnlyForDeploymentPostprocessing = 0;
		};
/* End PBXFrameworksBuildPhase section */

/* Begin PBXGroup section */
		D30EA5892A72C61A009F9FD2 /* SuportFiles */ = {
			isa = PBXGroup;
			children = (
				D30EA5872A72C603009F9FD2 /* CustomProgressBar.swift */,
			);
			path = SuportFiles;
			sourceTree = "<group>";
		};
		D33C6D1B2A4A1E3E00A5A5ED = {
			isa = PBXGroup;
			children = (
				D33C6D262A4A1E3E00A5A5ED /* Memoroom */,
				D33C6D252A4A1E3E00A5A5ED /* Products */,
			);
			sourceTree = "<group>";
		};
		D33C6D252A4A1E3E00A5A5ED /* Products */ = {
			isa = PBXGroup;
			children = (
				D33C6D242A4A1E3E00A5A5ED /* Memoroom.app */,
			);
			name = Products;
			sourceTree = "<group>";
		};
		D33C6D262A4A1E3E00A5A5ED /* Memoroom */ = {
			isa = PBXGroup;
			children = (
				D33C6D272A4A1E3E00A5A5ED /* MemoroomApp.swift */,
				D30EA5852A72C12D009F9FD2 /* MenuView.swift */,
				D3D0625F2A74597700B65C6C /* Beach */,
				D387C9692A4F58D000340925 /* Room */,
				D30EA5892A72C61A009F9FD2 /* SuportFiles */,
				D33C6D2B2A4A1E3F00A5A5ED /* Assets.xcassets */,
				D33C6D2D2A4A1E3F00A5A5ED /* Preview Content */,
			);
			path = Memoroom;
			sourceTree = "<group>";
		};
		D33C6D2D2A4A1E3F00A5A5ED /* Preview Content */ = {
			isa = PBXGroup;
			children = (
				D33C6D2E2A4A1E3F00A5A5ED /* Preview Assets.xcassets */,
			);
			path = "Preview Content";
			sourceTree = "<group>";
		};
		D387C9692A4F58D000340925 /* Room */ = {
			isa = PBXGroup;
			children = (
				D33C6D292A4A1E3E00A5A5ED /* RoomContentView.swift */,
				D33C6D372A4A1E7A00A5A5ED /* RoomGameScene.swift */,
				D3A4C9EE2A4E46A5005E1C0A /* RoomRandomGeneration.swift */,
			);
			path = Room;
			sourceTree = "<group>";
		};
		D3D0625F2A74597700B65C6C /* Beach */ = {
			isa = PBXGroup;
			children = (
				D3D0625B2A7458F000B65C6C /* BeachContentView.swift */,
				D3D0625D2A74590700B65C6C /* BeachGameScene.swift */,
			);
			path = Beach;
			sourceTree = "<group>";
		};
/* End PBXGroup section */

/* Begin PBXNativeTarget section */
		D33C6D232A4A1E3E00A5A5ED /* Memoroom */ = {
			isa = PBXNativeTarget;
			buildConfigurationList = D33C6D322A4A1E3F00A5A5ED /* Build configuration list for PBXNativeTarget "Memoroom" */;
			buildPhases = (
				D33C6D202A4A1E3E00A5A5ED /* Sources */,
				D33C6D212A4A1E3E00A5A5ED /* Frameworks */,
				D33C6D222A4A1E3E00A5A5ED /* Resources */,
			);
			buildRules = (
			);
			dependencies = (
			);
			name = Memoroom;
			productName = Memoroom;
			productReference = D33C6D242A4A1E3E00A5A5ED /* Memoroom.app */;
			productType = "com.apple.product-type.application";
		};
/* End PBXNativeTarget section */

/* Begin PBXProject section */
		D33C6D1C2A4A1E3E00A5A5ED /* Project object */ = {
			isa = PBXProject;
			attributes = {
				BuildIndependentTargetsInParallel = 1;
				LastSwiftUpdateCheck = 1430;
				LastUpgradeCheck = 1430;
				TargetAttributes = {
					D33C6D232A4A1E3E00A5A5ED = {
						CreatedOnToolsVersion = 14.3.1;
					};
				};
			};
			buildConfigurationList = D33C6D1F2A4A1E3E00A5A5ED /* Build configuration list for PBXProject "Memoroom" */;
			compatibilityVersion = "Xcode 14.0";
			developmentRegion = en;
			hasScannedForEncodings = 0;
			knownRegions = (
				en,
				Base,
			);
			mainGroup = D33C6D1B2A4A1E3E00A5A5ED;
			productRefGroup = D33C6D252A4A1E3E00A5A5ED /* Products */;
			projectDirPath = "";
			projectRoot = "";
			targets = (
				D33C6D232A4A1E3E00A5A5ED /* Memoroom */,
			);
		};
/* End PBXProject section */

/* Begin PBXResourcesBuildPhase section */
		D33C6D222A4A1E3E00A5A5ED /* Resources */ = {
			isa = PBXResourcesBuildPhase;
			buildActionMask = 2147483647;
			files = (
				D33C6D2F2A4A1E3F00A5A5ED /* Preview Assets.xcassets in Resources */,
				D33C6D2C2A4A1E3F00A5A5ED /* Assets.xcassets in Resources */,
			);
			runOnlyForDeploymentPostprocessing = 0;
		};
/* End PBXResourcesBuildPhase section */

/* Begin PBXSourcesBuildPhase section */
		D33C6D202A4A1E3E00A5A5ED /* Sources */ = {
			isa = PBXSourcesBuildPhase;
			buildActionMask = 2147483647;
			files = (
				D30EA5862A72C12D009F9FD2 /* MenuView.swift in Sources */,
				D30EA5882A72C603009F9FD2 /* CustomProgressBar.swift in Sources */,
				D3D0625E2A74590700B65C6C /* BeachGameScene.swift in Sources */,
				D33C6D382A4A1E7A00A5A5ED /* RoomGameScene.swift in Sources */,
				D33C6D2A2A4A1E3E00A5A5ED /* RoomContentView.swift in Sources */,
				D3D0625C2A7458F000B65C6C /* BeachContentView.swift in Sources */,
				D3A4C9EF2A4E46A5005E1C0A /* RoomRandomGeneration.swift in Sources */,
				D33C6D282A4A1E3E00A5A5ED /* MemoroomApp.swift in Sources */,
			);
			runOnlyForDeploymentPostprocessing = 0;
		};
/* End PBXSourcesBuildPhase section */

/* Begin XCBuildConfiguration section */
		D33C6D302A4A1E3F00A5A5ED /* Debug */ = {
			isa = XCBuildConfiguration;
			buildSettings = {
				ALWAYS_SEARCH_USER_PATHS = NO;
				CLANG_ANALYZER_NONNULL = YES;
				CLANG_ANALYZER_NUMBER_OBJECT_CONVERSION = YES_AGGRESSIVE;
				CLANG_CXX_LANGUAGE_STANDARD = "gnu++20";
				CLANG_ENABLE_MODULES = YES;
				CLANG_ENABLE_OBJC_ARC = YES;
				CLANG_ENABLE_OBJC_WEAK = YES;
				CLANG_WARN_BLOCK_CAPTURE_AUTORELEASING = YES;
				CLANG_WARN_BOOL_CONVERSION = YES;
				CLANG_WARN_COMMA = YES;
				CLANG_WARN_CONSTANT_CONVERSION = YES;
				CLANG_WARN_DEPRECATED_OBJC_IMPLEMENTATIONS = YES;
				CLANG_WARN_DIRECT_OBJC_ISA_USAGE = YES_ERROR;
				CLANG_WARN_DOCUMENTATION_COMMENTS = YES;
				CLANG_WARN_EMPTY_BODY = YES;
				CLANG_WARN_ENUM_CONVERSION = YES;
				CLANG_WARN_INFINITE_RECURSION = YES;
				CLANG_WARN_INT_CONVERSION = YES;
				CLANG_WARN_NON_LITERAL_NULL_CONVERSION = YES;
				CLANG_WARN_OBJC_IMPLICIT_RETAIN_SELF = YES;
				CLANG_WARN_OBJC_LITERAL_CONVERSION = YES;
				CLANG_WARN_OBJC_ROOT_CLASS = YES_ERROR;
				CLANG_WARN_QUOTED_INCLUDE_IN_FRAMEWORK_HEADER = YES;
				CLANG_WARN_RANGE_LOOP_ANALYSIS = YES;
				CLANG_WARN_STRICT_PROTOTYPES = YES;
				CLANG_WARN_SUSPICIOUS_MOVE = YES;
				CLANG_WARN_UNGUARDED_AVAILABILITY = YES_AGGRESSIVE;
				CLANG_WARN_UNREACHABLE_CODE = YES;
				CLANG_WARN__DUPLICATE_METHOD_MATCH = YES;
				COPY_PHASE_STRIP = NO;
				DEBUG_INFORMATION_FORMAT = dwarf;
				ENABLE_STRICT_OBJC_MSGSEND = YES;
				ENABLE_TESTABILITY = YES;
				GCC_C_LANGUAGE_STANDARD = gnu11;
				GCC_DYNAMIC_NO_PIC = NO;
				GCC_NO_COMMON_BLOCKS = YES;
				GCC_OPTIMIZATION_LEVEL = 0;
				GCC_PREPROCESSOR_DEFINITIONS = (
					"DEBUG=1",
					"$(inherited)",
				);
				GCC_WARN_64_TO_32_BIT_CONVERSION = YES;
				GCC_WARN_ABOUT_RETURN_TYPE = YES_ERROR;
				GCC_WARN_UNDECLARED_SELECTOR = YES;
				GCC_WARN_UNINITIALIZED_AUTOS = YES_AGGRESSIVE;
				GCC_WARN_UNUSED_FUNCTION = YES;
				GCC_WARN_UNUSED_VARIABLE = YES;
				IPHONEOS_DEPLOYMENT_TARGET = 16.4;
				MTL_ENABLE_DEBUG_INFO = INCLUDE_SOURCE;
				MTL_FAST_MATH = YES;
				ONLY_ACTIVE_ARCH = YES;
				SDKROOT = iphoneos;
				SWIFT_ACTIVE_COMPILATION_CONDITIONS = DEBUG;
				SWIFT_OPTIMIZATION_LEVEL = "-Onone";
			};
			name = Debug;
		};
		D33C6D312A4A1E3F00A5A5ED /* Release */ = {
			isa = XCBuildConfiguration;
			buildSettings = {
				ALWAYS_SEARCH_USER_PATHS = NO;
				CLANG_ANALYZER_NONNULL = YES;
				CLANG_ANALYZER_NUMBER_OBJECT_CONVERSION = YES_AGGRESSIVE;
				CLANG_CXX_LANGUAGE_STANDARD = "gnu++20";
				CLANG_ENABLE_MODULES = YES;
				CLANG_ENABLE_OBJC_ARC = YES;
				CLANG_ENABLE_OBJC_WEAK = YES;
				CLANG_WARN_BLOCK_CAPTURE_AUTORELEASING = YES;
				CLANG_WARN_BOOL_CONVERSION = YES;
				CLANG_WARN_COMMA = YES;
				CLANG_WARN_CONSTANT_CONVERSION = YES;
				CLANG_WARN_DEPRECATED_OBJC_IMPLEMENTATIONS = YES;
				CLANG_WARN_DIRECT_OBJC_ISA_USAGE = YES_ERROR;
				CLANG_WARN_DOCUMENTATION_COMMENTS = YES;
				CLANG_WARN_EMPTY_BODY = YES;
				CLANG_WARN_ENUM_CONVERSION = YES;
				CLANG_WARN_INFINITE_RECURSION = YES;
				CLANG_WARN_INT_CONVERSION = YES;
				CLANG_WARN_NON_LITERAL_NULL_CONVERSION = YES;
				CLANG_WARN_OBJC_IMPLICIT_RETAIN_SELF = YES;
				CLANG_WARN_OBJC_LITERAL_CONVERSION = YES;
				CLANG_WARN_OBJC_ROOT_CLASS = YES_ERROR;
				CLANG_WARN_QUOTED_INCLUDE_IN_FRAMEWORK_HEADER = YES;
				CLANG_WARN_RANGE_LOOP_ANALYSIS = YES;
				CLANG_WARN_STRICT_PROTOTYPES = YES;
				CLANG_WARN_SUSPICIOUS_MOVE = YES;
				CLANG_WARN_UNGUARDED_AVAILABILITY = YES_AGGRESSIVE;
				CLANG_WARN_UNREACHABLE_CODE = YES;
				CLANG_WARN__DUPLICATE_METHOD_MATCH = YES;
				COPY_PHASE_STRIP = NO;
				DEBUG_INFORMATION_FORMAT = "dwarf-with-dsym";
				ENABLE_NS_ASSERTIONS = NO;
				ENABLE_STRICT_OBJC_MSGSEND = YES;
				GCC_C_LANGUAGE_STANDARD = gnu11;
				GCC_NO_COMMON_BLOCKS = YES;
				GCC_WARN_64_TO_32_BIT_CONVERSION = YES;
				GCC_WARN_ABOUT_RETURN_TYPE = YES_ERROR;
				GCC_WARN_UNDECLARED_SELECTOR = YES;
				GCC_WARN_UNINITIALIZED_AUTOS = YES_AGGRESSIVE;
				GCC_WARN_UNUSED_FUNCTION = YES;
				GCC_WARN_UNUSED_VARIABLE = YES;
				IPHONEOS_DEPLOYMENT_TARGET = 16.4;
				MTL_ENABLE_DEBUG_INFO = NO;
				MTL_FAST_MATH = YES;
				SDKROOT = iphoneos;
				SWIFT_COMPILATION_MODE = wholemodule;
				SWIFT_OPTIMIZATION_LEVEL = "-O";
				VALIDATE_PRODUCT = YES;
			};
			name = Release;
		};
		D33C6D332A4A1E3F00A5A5ED /* Debug */ = {
			isa = XCBuildConfiguration;
			buildSettings = {
				ASSETCATALOG_COMPILER_APPICON_NAME = AppIcon;
				ASSETCATALOG_COMPILER_GLOBAL_ACCENT_COLOR_NAME = AccentColor;
				CODE_SIGN_STYLE = Automatic;
				CURRENT_PROJECT_VERSION = 1;
				DEVELOPMENT_ASSET_PATHS = "\"Memoroom/Preview Content\"";
				DEVELOPMENT_TEAM = B6XWN7H84M;
				ENABLE_PREVIEWS = YES;
				GENERATE_INFOPLIST_FILE = YES;
				INFOPLIST_KEY_UIApplicationSceneManifest_Generation = YES;
				INFOPLIST_KEY_UIApplicationSupportsIndirectInputEvents = YES;
				INFOPLIST_KEY_UILaunchScreen_Generation = YES;
				INFOPLIST_KEY_UISupportedInterfaceOrientations_iPad = "UIInterfaceOrientationPortrait UIInterfaceOrientationPortraitUpsideDown UIInterfaceOrientationLandscapeLeft UIInterfaceOrientationLandscapeRight";
				INFOPLIST_KEY_UISupportedInterfaceOrientations_iPhone = "UIInterfaceOrientationPortrait UIInterfaceOrientationLandscapeLeft UIInterfaceOrientationLandscapeRight";
				LD_RUNPATH_SEARCH_PATHS = (
					"$(inherited)",
					"@executable_path/Frameworks",
				);
				MARKETING_VERSION = 1.0;
				PRODUCT_BUNDLE_IDENTIFIER = "br.ufpe.cin.academy-rsbj.Memoroom";
				PRODUCT_NAME = "$(TARGET_NAME)";
				SWIFT_EMIT_LOC_STRINGS = YES;
				SWIFT_VERSION = 5.0;
				TARGETED_DEVICE_FAMILY = "1,2";
			};
			name = Debug;
		};
		D33C6D342A4A1E3F00A5A5ED /* Release */ = {
			isa = XCBuildConfiguration;
			buildSettings = {
				ASSETCATALOG_COMPILER_APPICON_NAME = AppIcon;
				ASSETCATALOG_COMPILER_GLOBAL_ACCENT_COLOR_NAME = AccentColor;
				CODE_SIGN_STYLE = Automatic;
				CURRENT_PROJECT_VERSION = 1;
				DEVELOPMENT_ASSET_PATHS = "\"Memoroom/Preview Content\"";
				DEVELOPMENT_TEAM = B6XWN7H84M;
				ENABLE_PREVIEWS = YES;
				GENERATE_INFOPLIST_FILE = YES;
				INFOPLIST_KEY_UIApplicationSceneManifest_Generation = YES;
				INFOPLIST_KEY_UIApplicationSupportsIndirectInputEvents = YES;
				INFOPLIST_KEY_UILaunchScreen_Generation = YES;
				INFOPLIST_KEY_UISupportedInterfaceOrientations_iPad = "UIInterfaceOrientationPortrait UIInterfaceOrientationPortraitUpsideDown UIInterfaceOrientationLandscapeLeft UIInterfaceOrientationLandscapeRight";
				INFOPLIST_KEY_UISupportedInterfaceOrientations_iPhone = "UIInterfaceOrientationPortrait UIInterfaceOrientationLandscapeLeft UIInterfaceOrientationLandscapeRight";
				LD_RUNPATH_SEARCH_PATHS = (
					"$(inherited)",
					"@executable_path/Frameworks",
				);
				MARKETING_VERSION = 1.0;
				PRODUCT_BUNDLE_IDENTIFIER = "br.ufpe.cin.academy-rsbj.Memoroom";
				PRODUCT_NAME = "$(TARGET_NAME)";
				SWIFT_EMIT_LOC_STRINGS = YES;
				SWIFT_VERSION = 5.0;
				TARGETED_DEVICE_FAMILY = "1,2";
			};
			name = Release;
		};
/* End XCBuildConfiguration section */

/* Begin XCConfigurationList section */
		D33C6D1F2A4A1E3E00A5A5ED /* Build configuration list for PBXProject "Memoroom" */ = {
			isa = XCConfigurationList;
			buildConfigurations = (
				D33C6D302A4A1E3F00A5A5ED /* Debug */,
				D33C6D312A4A1E3F00A5A5ED /* Release */,
			);
			defaultConfigurationIsVisible = 0;
			defaultConfigurationName = Release;
		};
		D33C6D322A4A1E3F00A5A5ED /* Build configuration list for PBXNativeTarget "Memoroom" */ = {
			isa = XCConfigurationList;
			buildConfigurations = (
				D33C6D332A4A1E3F00A5A5ED /* Debug */,
				D33C6D342A4A1E3F00A5A5ED /* Release */,
			);
			defaultConfigurationIsVisible = 0;
			defaultConfigurationName = Release;
		};
/* End XCConfigurationList section */
	};
	rootObject = D33C6D1C2A4A1E3E00A5A5ED /* Project object */;
}
